
Microsoft Visual Studio Solution File, Format Version 12.00
# Visual Studio 2012
Project("{8BC9CEB8-8B4A-11D0-8D11-00A0C91BC942}") = "IP_QQ", "IP_QQ\IP_QQ.vcxproj", "{67245DC5-0D52-47AC-BA49-96A18FE9E5C1}"
EndProject
Global
	GlobalSection(SolutionConfigurationPlatforms) = preSolution
		Debug|Win32 = Debug|Win32
		Release|Win32 = Release|Win32
	EndGlobalSection
	GlobalSection(ProjectConfigurationPlatforms) = postSolution
		{67245DC5-0D52-47AC-BA49-96A18FE9E5C1}.Debug|Win32.ActiveCfg = Debug|Win32
		{67245DC5-0D52-47AC-BA49-96A18FE9E5C1}.Debug|Win32.Build.0 = Debug|Win32
		{67245DC5-0D52-47AC-BA49-96A18FE9E5C1}.Release|Win32.ActiveCfg = Release|Win32
		{67245DC5-0D52-47AC-BA49-96A18FE9E5C1}.Release|Win32.Build.0 = Release|Win32
	EndGlobalSection
	GlobalSection(SolutionProperties) = preSolution
		HideSolutionNode = FALSE
	EndGlobalSection
EndGlobal
